<?xml version="1.0" encoding="utf-8"?>
<Project ToolsVersion="4.0" xmlns="http://schemas.microsoft.com/developer/msbuild/2003">
  <ItemGroup>
    <Filter Include="Source Files">
      <UniqueIdentifier>{4FC737F1-C7A5-4376-A066-2A32D752A2FF}</UniqueIdentifier>
      <Extensions>cpp;c;cc;cxx;c++;def;odl;idl;hpj;bat;asm;asmx</Extensions>
    </Filter>
    <Filter Include="Header Files">
      <UniqueIdentifier>{93995380-89BD-4b04-88EB-625FBE52EBFB}</UniqueIdentifier>
      <Extensions>h;hh;hpp;hxx;h++;hm;inl;inc;ipp;xsd</Extensions>
    </Filter>
    <Filter Include="Resource Files">
      <UniqueIdentifier>{67DA6AB6-F800-4c08-8B7A-83BB121AAD01}</UniqueIdentifier>
      <Extensions>rc;ico;cur;bmp;dlg;rc2;rct;bin;rgs;gif;jpg;jpeg;jpe;resx;tiff;tif;png;wav;mfcribbon-ms</Extensions>
    </Filter>
    <Filter Include="LoggingClass">
      <UniqueIdentifier>{9cea434c-ca82-485e-87ca-e3fb21824f96}</UniqueIdentifier>
    </Filter>
    <Filter Include="fmt">
      <UniqueIdentifier>{5f07f0ab-e5cf-47c6-90a7-829b81516e4f}</UniqueIdentifier>
    </Filter>
    <Filter Include="SysUtils">
      <UniqueIdentifier>{cb10c9f4-8963-466f-9b7c-5bb0f416f4c3}</UniqueIdentifier>
    </Filter>
  </ItemGroup>
  <ItemGroup>
    <ClCompile Include="LibLogging.cpp">
      <Filter>Source Files</Filter>
    </ClCompile>
    <ClCompile Include="..\fmt\src\format.cc">
      <Filter>fmt</Filter>
    </ClCompile>
    <ClCompile Include="..\fmt\src\os.cc">
      <Filter>fmt</Filter>
    </ClCompile>
    <ClCompile Include="..\Common\sysUtils_Impl\CPU.cpp">
      <Filter>SysUtils</Filter>
    </ClCompile>
    <ClCompile Include="..\Common\sysUtils_Impl\fs.cpp">
      <Filter>SysUtils</Filter>
    </ClCompile>
    <ClCompile Include="..\Common\sysUtils_Impl\OSutils.cpp">
      <Filter>SysUtils</Filter>
    </ClCompile>
    <ClCompile Include="..\Common\sysUtils_Impl\String.cpp">
      <Filter>SysUtils</Filter>
    </ClCompile>
  </ItemGroup>
  <ItemGroup>
    <ClInclude Include="LoggingTypes.h">
      <Filter>Header Files</Filter>
    </ClInclude>
    <ClInclude Include="LoggingClass.h">
      <Filter>LoggingClass</Filter>
    </ClInclude>
    <ClInclude Include="LibLogging.h">
      <Filter>Source Files</Filter>
    </ClInclude>
    <ClInclude Include="..\Common\sysUtils_Impl\CPU.h">
      <Filter>SysUtils</Filter>
    </ClInclude>
    <ClInclude Include="..\Common\sysUtils_Impl\fs.h">
      <Filter>SysUtils</Filter>
    </ClInclude>
    <ClInclude Include="..\Common\sysUtils_Impl\OSutils.h">
      <Filter>SysUtils</Filter>
    </ClInclude>
    <ClInclude Include="..\Common\sysUtils_Impl\String.h">
      <Filter>SysUtils</Filter>
    </ClInclude>
  </ItemGroup>
</Project>